
Microsoft Visual Studio Solution File, Format Version 12.00
# Visual Studio 15
VisualStudioVersion = 15.0.28010.2036
MinimumVisualStudioVersion = 10.0.40219.1
Project("{FAE04EC0-301F-11D3-BF4B-00C04F79EFBC}") = "DockerHelloSample", "DockerHelloSample\DockerHelloSample.csproj", "{67EFCA27-B4F6-416C-9E80-9A1BE893D19A}"
EndProject
Global
	GlobalSection(SolutionConfigurationPlatforms) = preSolution
		Debug|Any CPU = Debug|Any CPU
		Release|Any CPU = Release|Any CPU
	EndGlobalSection
	GlobalSection(ProjectConfigurationPlatforms) = postSolution
		{67EFCA27-B4F6-416C-9E80-9A1BE893D19A}.Debug|Any CPU.ActiveCfg = Debug|Any CPU
		{67EFCA27-B4F6-416C-9E80-9A1BE893D19A}.Debug|Any CPU.Build.0 = Debug|Any CPU
		{67EFCA27-B4F6-416C-9E80-9A1BE893D19A}.Release|Any CPU.ActiveCfg = Release|Any CPU
		{67EFCA27-B4F6-416C-9E80-9A1BE893D19A}.Release|Any CPU.Build.0 = Release|Any CPU
	EndGlobalSection
	GlobalSection(SolutionProperties) = preSolution
		HideSolutionNode = FALSE
	EndGlobalSection
	GlobalSection(ExtensibilityGlobals) = postSolution
		SolutionGuid = {6AE1A9D8-00D8-4579-B273-47E1A44EFA80}
	EndGlobalSection
EndGlobal
